
Microsoft Visual Studio Solution File, Format Version 12.00
# Visual Studio Version 17
VisualStudioVersion = 17.14.36401.2 d17.14
MinimumVisualStudioVersion = 10.0.40219.1
Project("{FAE04EC0-301F-11D3-BF4B-00C04F79EFBC}") = "EnviaCorreo", "EnviaCorreo.csproj", "{406D7AB9-0BE2-4457-BD2F-EBFD6777F835}"
EndProject
Global
	GlobalSection(SolutionConfigurationPlatforms) = preSolution
		Debug|Any CPU = Debug|Any CPU
		Release|Any CPU = Release|Any CPU
	EndGlobalSection
	GlobalSection(ProjectConfigurationPlatforms) = postSolution
		{406D7AB9-0BE2-4457-BD2F-EBFD6777F835}.Debug|Any CPU.ActiveCfg = Debug|Any CPU
		{406D7AB9-0BE2-4457-BD2F-EBFD6777F835}.Debug|Any CPU.Build.0 = Debug|Any CPU
		{406D7AB9-0BE2-4457-BD2F-EBFD6777F835}.Release|Any CPU.ActiveCfg = Release|Any CPU
		{406D7AB9-0BE2-4457-BD2F-EBFD6777F835}.Release|Any CPU.Build.0 = Release|Any CPU
	EndGlobalSection
	GlobalSection(SolutionProperties) = preSolution
		HideSolutionNode = FALSE
	EndGlobalSection
	GlobalSection(ExtensibilityGlobals) = postSolution
		SolutionGuid = {0ADE43C6-134F-47C0-ADC0-3673A63ECDEE}
	EndGlobalSection
EndGlobal
